// !$*UTF8*$!
{
	archiveVersion = 1;
	classes = {
	};
	objectVersion = 50;
	objects = {

/* Begin PBXBuildFile section */
		917AA2BC241126F900ACEA11 /* AppDelegate.swift in Sources */ = {isa = PBXBuildFile; fileRef = 917AA2BB241126F900ACEA11 /* AppDelegate.swift */; };
		917AA2BE241126F900ACEA11 /* SceneDelegate.swift in Sources */ = {isa = PBXBuildFile; fileRef = 917AA2BD241126F900ACEA11 /* SceneDelegate.swift */; };
		917AA2C1241126F900ACEA11 /* RomanticReminders.xcdatamodeld in Sources */ = {isa = PBXBuildFile; fileRef = 917AA2BF241126F900ACEA11 /* RomanticReminders.xcdatamodeld */; };
		917AA2C3241126F900ACEA11 /* ContentView.swift in Sources */ = {isa = PBXBuildFile; fileRef = 917AA2C2241126F900ACEA11 /* ContentView.swift */; };
		917AA2C5241126FB00ACEA11 /* Assets.xcassets in Resources */ = {isa = PBXBuildFile; fileRef = 917AA2C4241126FB00ACEA11 /* Assets.xcassets */; };
		917AA2C8241126FB00ACEA11 /* Preview Assets.xcassets in Resources */ = {isa = PBXBuildFile; fileRef = 917AA2C7241126FB00ACEA11 /* Preview Assets.xcassets */; };
		917AA2CB241126FB00ACEA11 /* LaunchScreen.storyboard in Resources */ = {isa = PBXBuildFile; fileRef = 917AA2C9241126FB00ACEA11 /* LaunchScreen.storyboard */; };
		917AA2D6241127BA00ACEA11 /* ReminderViewModel.swift in Sources */ = {isa = PBXBuildFile; fileRef = 917AA2D5241127BA00ACEA11 /* ReminderViewModel.swift */; };
		917AA2D82412BDFF00ACEA11 /* RemindersListViewModel.swift in Sources */ = {isa = PBXBuildFile; fileRef = 917AA2D72412BDFF00ACEA11 /* RemindersListViewModel.swift */; };
		917AA2DA2412C01F00ACEA11 /* enums.swift in Sources */ = {isa = PBXBuildFile; fileRef = 917AA2D92412C01F00ACEA11 /* enums.swift */; };
/* End PBXBuildFile section */

/* Begin PBXFileReference section */
		917AA2B8241126F900ACEA11 /* RomanticReminders.app */ = {isa = PBXFileReference; explicitFileType = wrapper.application; includeInIndex = 0; path = RomanticReminders.app; sourceTree = BUILT_PRODUCTS_DIR; };
		917AA2BB241126F900ACEA11 /* AppDelegate.swift */ = {isa = PBXFileReference; lastKnownFileType = sourcecode.swift; path = AppDelegate.swift; sourceTree = "<group>"; };
		917AA2BD241126F900ACEA11 /* SceneDelegate.swift */ = {isa = PBXFileReference; lastKnownFileType = sourcecode.swift; path = SceneDelegate.swift; sourceTree = "<group>"; };
		917AA2C0241126F900ACEA11 /* RomanticReminders.xcdatamodel */ = {isa = PBXFileReference; lastKnownFileType = wrapper.xcdatamodel; path = RomanticReminders.xcdatamodel; sourceTree = "<group>"; };
		917AA2C2241126F900ACEA11 /* ContentView.swift */ = {isa = PBXFileReference; lastKnownFileType = sourcecode.swift; path = ContentView.swift; sourceTree = "<group>"; };
		917AA2C4241126FB00ACEA11 /* Assets.xcassets */ = {isa = PBXFileReference; lastKnownFileType = folder.assetcatalog; path = Assets.xcassets; sourceTree = "<group>"; };
		917AA2C7241126FB00ACEA11 /* Preview Assets.xcassets */ = {isa = PBXFileReference; lastKnownFileType = folder.assetcatalog; path = "Preview Assets.xcassets"; sourceTree = "<group>"; };
		917AA2CA241126FB00ACEA11 /* Base */ = {isa = PBXFileReference; lastKnownFileType = file.storyboard; name = Base; path = Base.lproj/LaunchScreen.storyboard; sourceTree = "<group>"; };
		917AA2CC241126FB00ACEA11 /* Info.plist */ = {isa = PBXFileReference; lastKnownFileType = text.plist.xml; path = Info.plist; sourceTree = "<group>"; };
		917AA2D5241127BA00ACEA11 /* ReminderViewModel.swift */ = {isa = PBXFileReference; lastKnownFileType = sourcecode.swift; path = ReminderViewModel.swift; sourceTree = "<group>"; };
		917AA2D72412BDFF00ACEA11 /* RemindersListViewModel.swift */ = {isa = PBXFileReference; lastKnownFileType = sourcecode.swift; path = RemindersListViewModel.swift; sourceTree = "<group>"; };
		917AA2D92412C01F00ACEA11 /* enums.swift */ = {isa = PBXFileReference; lastKnownFileType = sourcecode.swift; path = enums.swift; sourceTree = "<group>"; };
/* End PBXFileReference section */

/* Begin PBXFrameworksBuildPhase section */
		917AA2B5241126F900ACEA11 /* Frameworks */ = {
			isa = PBXFrameworksBuildPhase;
			buildActionMask = 2147483647;
			files = (
			);
			runOnlyForDeploymentPostprocessing = 0;
		};
/* End PBXFrameworksBuildPhase section */

/* Begin PBXGroup section */
		917AA2AF241126F900ACEA11 = {
			isa = PBXGroup;
			children = (
				917AA2BA241126F900ACEA11 /* RomanticReminders */,
				917AA2B9241126F900ACEA11 /* Products */,
			);
			sourceTree = "<group>";
		};
		917AA2B9241126F900ACEA11 /* Products */ = {
			isa = PBXGroup;
			children = (
				917AA2B8241126F900ACEA11 /* RomanticReminders.app */,
			);
			name = Products;
			sourceTree = "<group>";
		};
		917AA2BA241126F900ACEA11 /* RomanticReminders */ = {
			isa = PBXGroup;
			children = (
				917AA2D92412C01F00ACEA11 /* enums.swift */,
				917AA2D32411273E00ACEA11 /* View */,
				917AA2D42411274400ACEA11 /* View-Model */,
				917AA2D22411272300ACEA11 /* Model */,
				917AA2BB241126F900ACEA11 /* AppDelegate.swift */,
				917AA2BD241126F900ACEA11 /* SceneDelegate.swift */,
				917AA2C4241126FB00ACEA11 /* Assets.xcassets */,
				917AA2C9241126FB00ACEA11 /* LaunchScreen.storyboard */,
				917AA2CC241126FB00ACEA11 /* Info.plist */,
				917AA2BF241126F900ACEA11 /* RomanticReminders.xcdatamodeld */,
				917AA2C6241126FB00ACEA11 /* Preview Content */,
			);
			path = RomanticReminders;
			sourceTree = "<group>";
		};
		917AA2C6241126FB00ACEA11 /* Preview Content */ = {
			isa = PBXGroup;
			children = (
				917AA2C7241126FB00ACEA11 /* Preview Assets.xcassets */,
			);
			path = "Preview Content";
			sourceTree = "<group>";
		};
		917AA2D22411272300ACEA11 /* Model */ = {
			isa = PBXGroup;
			children = (
			);
			path = Model;
			sourceTree = "<group>";
		};
		917AA2D32411273E00ACEA11 /* View */ = {
			isa = PBXGroup;
			children = (
				917AA2C2241126F900ACEA11 /* ContentView.swift */,
			);
			path = View;
			sourceTree = "<group>";
		};
		917AA2D42411274400ACEA11 /* View-Model */ = {
			isa = PBXGroup;
			children = (
				917AA2D72412BDFF00ACEA11 /* RemindersListViewModel.swift */,
				917AA2D5241127BA00ACEA11 /* ReminderViewModel.swift */,
			);
			path = "View-Model";
			sourceTree = "<group>";
		};
/* End PBXGroup section */

/* Begin PBXNativeTarget section */
		917AA2B7241126F900ACEA11 /* RomanticReminders */ = {
			isa = PBXNativeTarget;
			buildConfigurationList = 917AA2CF241126FB00ACEA11 /* Build configuration list for PBXNativeTarget "RomanticReminders" */;
			buildPhases = (
				917AA2B4241126F900ACEA11 /* Sources */,
				917AA2B5241126F900ACEA11 /* Frameworks */,
				917AA2B6241126F900ACEA11 /* Resources */,
			);
			buildRules = (
			);
			dependencies = (
			);
			name = RomanticReminders;
			productName = RomanticReminders;
			productReference = 917AA2B8241126F900ACEA11 /* RomanticReminders.app */;
			productType = "com.apple.product-type.application";
		};
/* End PBXNativeTarget section */

/* Begin PBXProject section */
		917AA2B0241126F900ACEA11 /* Project object */ = {
			isa = PBXProject;
			attributes = {
				LastSwiftUpdateCheck = 1130;
				LastUpgradeCheck = 1130;
				ORGANIZATIONNAME = "Peter Flickinger";
				TargetAttributes = {
					917AA2B7241126F900ACEA11 = {
						CreatedOnToolsVersion = 11.3.1;
					};
				};
			};
			buildConfigurationList = 917AA2B3241126F900ACEA11 /* Build configuration list for PBXProject "RomanticReminders" */;
			compatibilityVersion = "Xcode 9.3";
			developmentRegion = en;
			hasScannedForEncodings = 0;
			knownRegions = (
				en,
				Base,
			);
			mainGroup = 917AA2AF241126F900ACEA11;
			productRefGroup = 917AA2B9241126F900ACEA11 /* Products */;
			projectDirPath = "";
			projectRoot = "";
			targets = (
				917AA2B7241126F900ACEA11 /* RomanticReminders */,
			);
		};
/* End PBXProject section */

/* Begin PBXResourcesBuildPhase section */
		917AA2B6241126F900ACEA11 /* Resources */ = {
			isa = PBXResourcesBuildPhase;
			buildActionMask = 2147483647;
			files = (
				917AA2CB241126FB00ACEA11 /* LaunchScreen.storyboard in Resources */,
				917AA2C8241126FB00ACEA11 /* Preview Assets.xcassets in Resources */,
				917AA2C5241126FB00ACEA11 /* Assets.xcassets in Resources */,
			);
			runOnlyForDeploymentPostprocessing = 0;
		};
/* End PBXResourcesBuildPhase section */

/* Begin PBXSourcesBuildPhase section */
		917AA2B4241126F900ACEA11 /* Sources */ = {
			isa = PBXSourcesBuildPhase;
			buildActionMask = 2147483647;
			files = (
				917AA2DA2412C01F00ACEA11 /* enums.swift in Sources */,
				917AA2D6241127BA00ACEA11 /* ReminderViewModel.swift in Sources */,
				917AA2C1241126F900ACEA11 /* RomanticReminders.xcdatamodeld in Sources */,
				917AA2D82412BDFF00ACEA11 /* RemindersListViewModel.swift in Sources */,
				917AA2BC241126F900ACEA11 /* AppDelegate.swift in Sources */,
				917AA2C3241126F900ACEA11 /* ContentView.swift in Sources */,
				917AA2BE241126F900ACEA11 /* SceneDelegate.swift in Sources */,
			);
			runOnlyForDeploymentPostprocessing = 0;
		};
/* End PBXSourcesBuildPhase section */

/* Begin PBXVariantGroup section */
		917AA2C9241126FB00ACEA11 /* LaunchScreen.storyboard */ = {
			isa = PBXVariantGroup;
			children = (
				917AA2CA241126FB00ACEA11 /* Base */,
			);
			name = LaunchScreen.storyboard;
			sourceTree = "<group>";
		};
/* End PBXVariantGroup section */

/* Begin XCBuildConfiguration section */
		917AA2CD241126FB00ACEA11 /* Debug */ = {
			isa = XCBuildConfiguration;
			buildSettings = {
				ALWAYS_SEARCH_USER_PATHS = NO;
				CLANG_ANALYZER_NONNULL = YES;
				CLANG_ANALYZER_NUMBER_OBJECT_CONVERSION = YES_AGGRESSIVE;
				CLANG_CXX_LANGUAGE_STANDARD = "gnu++14";
				CLANG_CXX_LIBRARY = "libc++";
				CLANG_ENABLE_MODULES = YES;
				CLANG_ENABLE_OBJC_ARC = YES;
				CLANG_ENABLE_OBJC_WEAK = YES;
				CLANG_WARN_BLOCK_CAPTURE_AUTORELEASING = YES;
				CLANG_WARN_BOOL_CONVERSION = YES;
				CLANG_WARN_COMMA = YES;
				CLANG_WARN_CONSTANT_CONVERSION = YES;
				CLANG_WARN_DEPRECATED_OBJC_IMPLEMENTATIONS = YES;
				CLANG_WARN_DIRECT_OBJC_ISA_USAGE = YES_ERROR;
				CLANG_WARN_DOCUMENTATION_COMMENTS = YES;
				CLANG_WARN_EMPTY_BODY = YES;
				CLANG_WARN_ENUM_CONVERSION = YES;
				CLANG_WARN_INFINITE_RECURSION = YES;
				CLANG_WARN_INT_CONVERSION = YES;
				CLANG_WARN_NON_LITERAL_NULL_CONVERSION = YES;
				CLANG_WARN_OBJC_IMPLICIT_RETAIN_SELF = YES;
				CLANG_WARN_OBJC_LITERAL_CONVERSION = YES;
				CLANG_WARN_OBJC_ROOT_CLASS = YES_ERROR;
				CLANG_WARN_RANGE_LOOP_ANALYSIS = YES;
				CLANG_WARN_STRICT_PROTOTYPES = YES;
				CLANG_WARN_SUSPICIOUS_MOVE = YES;
				CLANG_WARN_UNGUARDED_AVAILABILITY = YES_AGGRESSIVE;
				CLANG_WARN_UNREACHABLE_CODE = YES;
				CLANG_WARN__DUPLICATE_METHOD_MATCH = YES;
				COPY_PHASE_STRIP = NO;
				DEBUG_INFORMATION_FORMAT = dwarf;
				ENABLE_STRICT_OBJC_MSGSEND = YES;
				ENABLE_TESTABILITY = YES;
				GCC_C_LANGUAGE_STANDARD = gnu11;
				GCC_DYNAMIC_NO_PIC = NO;
				GCC_NO_COMMON_BLOCKS = YES;
				GCC_OPTIMIZATION_LEVEL = 0;
				GCC_PREPROCESSOR_DEFINITIONS = (
					"DEBUG=1",
					"$(inherited)",
				);
				GCC_WARN_64_TO_32_BIT_CONVERSION = YES;
				GCC_WARN_ABOUT_RETURN_TYPE = YES_ERROR;
				GCC_WARN_UNDECLARED_SELECTOR = YES;
				GCC_WARN_UNINITIALIZED_AUTOS = YES_AGGRESSIVE;
				GCC_WARN_UNUSED_FUNCTION = YES;
				GCC_WARN_UNUSED_VARIABLE = YES;
				IPHONEOS_DEPLOYMENT_TARGET = 13.2;
				MTL_ENABLE_DEBUG_INFO = INCLUDE_SOURCE;
				MTL_FAST_MATH = YES;
				ONLY_ACTIVE_ARCH = YES;
				SDKROOT = iphoneos;
				SWIFT_ACTIVE_COMPILATION_CONDITIONS = DEBUG;
				SWIFT_OPTIMIZATION_LEVEL = "-Onone";
			};
			name = Debug;
		};
		917AA2CE241126FB00ACEA11 /* Release */ = {
			isa = XCBuildConfiguration;
			buildSettings = {
				ALWAYS_SEARCH_USER_PATHS = NO;
				CLANG_ANALYZER_NONNULL = YES;
				CLANG_ANALYZER_NUMBER_OBJECT_CONVERSION = YES_AGGRESSIVE;
				CLANG_CXX_LANGUAGE_STANDARD = "gnu++14";
				CLANG_CXX_LIBRARY = "libc++";
				CLANG_ENABLE_MODULES = YES;
				CLANG_ENABLE_OBJC_ARC = YES;
				CLANG_ENABLE_OBJC_WEAK = YES;
				CLANG_WARN_BLOCK_CAPTURE_AUTORELEASING = YES;
				CLANG_WARN_BOOL_CONVERSION = YES;
				CLANG_WARN_COMMA = YES;
				CLANG_WARN_CONSTANT_CONVERSION = YES;
				CLANG_WARN_DEPRECATED_OBJC_IMPLEMENTATIONS = YES;
				CLANG_WARN_DIRECT_OBJC_ISA_USAGE = YES_ERROR;
				CLANG_WARN_DOCUMENTATION_COMMENTS = YES;
				CLANG_WARN_EMPTY_BODY = YES;
				CLANG_WARN_ENUM_CONVERSION = YES;
				CLANG_WARN_INFINITE_RECURSION = YES;
				CLANG_WARN_INT_CONVERSION = YES;
				CLANG_WARN_NON_LITERAL_NULL_CONVERSION = YES;
				CLANG_WARN_OBJC_IMPLICIT_RETAIN_SELF = YES;
				CLANG_WARN_OBJC_LITERAL_CONVERSION = YES;
				CLANG_WARN_OBJC_ROOT_CLASS = YES_ERROR;
				CLANG_WARN_RANGE_LOOP_ANALYSIS = YES;
				CLANG_WARN_STRICT_PROTOTYPES = YES;
				CLANG_WARN_SUSPICIOUS_MOVE = YES;
				CLANG_WARN_UNGUARDED_AVAILABILITY = YES_AGGRESSIVE;
				CLANG_WARN_UNREACHABLE_CODE = YES;
				CLANG_WARN__DUPLICATE_METHOD_MATCH = YES;
				COPY_PHASE_STRIP = NO;
				DEBUG_INFORMATION_FORMAT = "dwarf-with-dsym";
				ENABLE_NS_ASSERTIONS = NO;
				ENABLE_STRICT_OBJC_MSGSEND = YES;
				GCC_C_LANGUAGE_STANDARD = gnu11;
				GCC_NO_COMMON_BLOCKS = YES;
				GCC_WARN_64_TO_32_BIT_CONVERSION = YES;
				GCC_WARN_ABOUT_RETURN_TYPE = YES_ERROR;
				GCC_WARN_UNDECLARED_SELECTOR = YES;
				GCC_WARN_UNINITIALIZED_AUTOS = YES_AGGRESSIVE;
				GCC_WARN_UNUSED_FUNCTION = YES;
				GCC_WARN_UNUSED_VARIABLE = YES;
				IPHONEOS_DEPLOYMENT_TARGET = 13.2;
				MTL_ENABLE_DEBUG_INFO = NO;
				MTL_FAST_MATH = YES;
				SDKROOT = iphoneos;
				SWIFT_COMPILATION_MODE = wholemodule;
				SWIFT_OPTIMIZATION_LEVEL = "-O";
				VALIDATE_PRODUCT = YES;
			};
			name = Release;
		};
		917AA2D0241126FB00ACEA11 /* Debug */ = {
			isa = XCBuildConfiguration;
			buildSettings = {
				ASSETCATALOG_COMPILER_APPICON_NAME = AppIcon;
				CODE_SIGN_STYLE = Automatic;
				DEVELOPMENT_ASSET_PATHS = "\"RomanticReminders/Preview Content\"";
				DEVELOPMENT_TEAM = W8WD8N9QX5;
				ENABLE_PREVIEWS = YES;
				INFOPLIST_FILE = RomanticReminders/Info.plist;
				LD_RUNPATH_SEARCH_PATHS = (
					"$(inherited)",
					"@executable_path/Frameworks",
				);
				PRODUCT_BUNDLE_IDENTIFIER = peterfoxflick.RomanticReminders;
				PRODUCT_NAME = "$(TARGET_NAME)";
				SWIFT_VERSION = 5.0;
				TARGETED_DEVICE_FAMILY = "1,2";
			};
			name = Debug;
		};
		917AA2D1241126FB00ACEA11 /* Release */ = {
			isa = XCBuildConfiguration;
			buildSettings = {
				ASSETCATALOG_COMPILER_APPICON_NAME = AppIcon;
				CODE_SIGN_STYLE = Automatic;
				DEVELOPMENT_ASSET_PATHS = "\"RomanticReminders/Preview Content\"";
				DEVELOPMENT_TEAM = W8WD8N9QX5;
				ENABLE_PREVIEWS = YES;
				INFOPLIST_FILE = RomanticReminders/Info.plist;
				LD_RUNPATH_SEARCH_PATHS = (
					"$(inherited)",
					"@executable_path/Frameworks",
				);
				PRODUCT_BUNDLE_IDENTIFIER = peterfoxflick.RomanticReminders;
				PRODUCT_NAME = "$(TARGET_NAME)";
				SWIFT_VERSION = 5.0;
				TARGETED_DEVICE_FAMILY = "1,2";
			};
			name = Release;
		};
/* End XCBuildConfiguration section */

/* Begin XCConfigurationList section */
		917AA2B3241126F900ACEA11 /* Build configuration list for PBXProject "RomanticReminders" */ = {
			isa = XCConfigurationList;
			buildConfigurations = (
				917AA2CD241126FB00ACEA11 /* Debug */,
				917AA2CE241126FB00ACEA11 /* Release */,
			);
			defaultConfigurationIsVisible = 0;
			defaultConfigurationName = Release;
		};
		917AA2CF241126FB00ACEA11 /* Build configuration list for PBXNativeTarget "RomanticReminders" */ = {
			isa = XCConfigurationList;
			buildConfigurations = (
				917AA2D0241126FB00ACEA11 /* Debug */,
				917AA2D1241126FB00ACEA11 /* Release */,
			);
			defaultConfigurationIsVisible = 0;
			defaultConfigurationName = Release;
		};
/* End XCConfigurationList section */

/* Begin XCVersionGroup section */
		917AA2BF241126F900ACEA11 /* RomanticReminders.xcdatamodeld */ = {
			isa = XCVersionGroup;
			children = (
				917AA2C0241126F900ACEA11 /* RomanticReminders.xcdatamodel */,
			);
			currentVersion = 917AA2C0241126F900ACEA11 /* RomanticReminders.xcdatamodel */;
			path = RomanticReminders.xcdatamodeld;
			sourceTree = "<group>";
			versionGroupType = wrapper.xcdatamodel;
		};
/* End XCVersionGroup section */
	};
	rootObject = 917AA2B0241126F900ACEA11 /* Project object */;
}
